// !$*UTF8*$!
{
	archiveVersion = 1;
	classes = {
	};
	objectVersion = 46;
	objects = {

/* Begin PBXBuildFile section */
		9078C1901E487C7600716A46 /* WebViewController.swift in Sources */ = {isa = PBXBuildFile; fileRef = F6F1352C1CE9E0B70034D15D /* WebViewController.swift */; };
		9078C1911E487C7700716A46 /* WebViewController.swift in Sources */ = {isa = PBXBuildFile; fileRef = F6F1352C1CE9E0B70034D15D /* WebViewController.swift */; };
		9078C1951E487CFD00716A46 /* WebView.storyboard in Resources */ = {isa = PBXBuildFile; fileRef = 9078C1941E487CFD00716A46 /* WebView.storyboard */; };
		F6BA9E851CEEA99500F07504 /* pop.framework in Frameworks */ = {isa = PBXBuildFile; fileRef = F6BA9E831CEEA99500F07504 /* pop.framework */; };
		F6BA9E861CEEA99500F07504 /* pop.framework in Frameworks */ = {isa = PBXBuildFile; fileRef = F6BA9E831CEEA99500F07504 /* pop.framework */; };
		F6BA9E871CEEA99600F07504 /* pop.framework in Frameworks */ = {isa = PBXBuildFile; fileRef = F6BA9E831CEEA99500F07504 /* pop.framework */; };
		F6C1734A1CF00374006C2501 /* pop.framework in Embed Frameworks */ = {isa = PBXBuildFile; fileRef = F6BA9E831CEEA99500F07504 /* pop.framework */; settings = {ATTRIBUTES = (CodeSignOnCopy, RemoveHeadersOnCopy, ); }; };
		F6C1734F1CF02096006C2501 /* BackgroundStyleTabBarController.swift in Sources */ = {isa = PBXBuildFile; fileRef = F6C1734E1CF02096006C2501 /* BackgroundStyleTabBarController.swift */; };
		F6C173501CF02096006C2501 /* BackgroundStyleTabBarController.swift in Sources */ = {isa = PBXBuildFile; fileRef = F6C1734E1CF02096006C2501 /* BackgroundStyleTabBarController.swift */; };
		F6C173511CF02096006C2501 /* BackgroundStyleTabBarController.swift in Sources */ = {isa = PBXBuildFile; fileRef = F6C1734E1CF02096006C2501 /* BackgroundStyleTabBarController.swift */; };
		F6C173541CF021F2006C2501 /* ExampleNavigationController.swift in Sources */ = {isa = PBXBuildFile; fileRef = F6C173521CF021F2006C2501 /* ExampleNavigationController.swift */; };
		F6C173551CF021F2006C2501 /* ExampleNavigationController.swift in Sources */ = {isa = PBXBuildFile; fileRef = F6C173521CF021F2006C2501 /* ExampleNavigationController.swift */; };
		F6C173561CF021F2006C2501 /* ExampleNavigationController.swift in Sources */ = {isa = PBXBuildFile; fileRef = F6C173521CF021F2006C2501 /* ExampleNavigationController.swift */; };
		F6C173571CF021F2006C2501 /* ExampleViewController.swift in Sources */ = {isa = PBXBuildFile; fileRef = F6C173531CF021F2006C2501 /* ExampleViewController.swift */; };
		F6C173581CF021F2006C2501 /* ExampleViewController.swift in Sources */ = {isa = PBXBuildFile; fileRef = F6C173531CF021F2006C2501 /* ExampleViewController.swift */; };
		F6C173591CF021F2006C2501 /* ExampleViewController.swift in Sources */ = {isa = PBXBuildFile; fileRef = F6C173531CF021F2006C2501 /* ExampleViewController.swift */; };
		F6C1735B1CF02219006C2501 /* BackgroundStyleAnimator.swift in Sources */ = {isa = PBXBuildFile; fileRef = F6C1735A1CF02219006C2501 /* BackgroundStyleAnimator.swift */; };
		F6C1735C1CF02219006C2501 /* BackgroundStyleAnimator.swift in Sources */ = {isa = PBXBuildFile; fileRef = F6C1735A1CF02219006C2501 /* BackgroundStyleAnimator.swift */; };
		F6C1735D1CF02219006C2501 /* BackgroundStyleAnimator.swift in Sources */ = {isa = PBXBuildFile; fileRef = F6C1735A1CF02219006C2501 /* BackgroundStyleAnimator.swift */; };
		F6C173651CF022DF006C2501 /* ESTabBarBadge.swift in Sources */ = {isa = PBXBuildFile; fileRef = F6C1735F1CF022DF006C2501 /* ESTabBarBadge.swift */; };
		F6C173661CF022DF006C2501 /* ESTabBarBadge.swift in Sources */ = {isa = PBXBuildFile; fileRef = F6C1735F1CF022DF006C2501 /* ESTabBarBadge.swift */; };
		F6C173671CF022DF006C2501 /* ESTabBarBadge.swift in Sources */ = {isa = PBXBuildFile; fileRef = F6C1735F1CF022DF006C2501 /* ESTabBarBadge.swift */; };
		F6C173681CF022DF006C2501 /* ESTabBarController.swift in Sources */ = {isa = PBXBuildFile; fileRef = F6C173601CF022DF006C2501 /* ESTabBarController.swift */; };
		F6C173691CF022DF006C2501 /* ESTabBarController.swift in Sources */ = {isa = PBXBuildFile; fileRef = F6C173601CF022DF006C2501 /* ESTabBarController.swift */; };
		F6C1736A1CF022DF006C2501 /* ESTabBarController.swift in Sources */ = {isa = PBXBuildFile; fileRef = F6C173601CF022DF006C2501 /* ESTabBarController.swift */; };
		F6C1736B1CF022DF006C2501 /* ESTabBarItem.swift in Sources */ = {isa = PBXBuildFile; fileRef = F6C173611CF022DF006C2501 /* ESTabBarItem.swift */; };
		F6C1736C1CF022DF006C2501 /* ESTabBarItem.swift in Sources */ = {isa = PBXBuildFile; fileRef = F6C173611CF022DF006C2501 /* ESTabBarItem.swift */; };
		F6C1736D1CF022DF006C2501 /* ESTabBarItem.swift in Sources */ = {isa = PBXBuildFile; fileRef = F6C173611CF022DF006C2501 /* ESTabBarItem.swift */; };
		F6C1736E1CF022DF006C2501 /* ESTabBarItemAnimator.swift in Sources */ = {isa = PBXBuildFile; fileRef = F6C173621CF022DF006C2501 /* ESTabBarItemAnimator.swift */; };
		F6C1736F1CF022DF006C2501 /* ESTabBarItemAnimator.swift in Sources */ = {isa = PBXBuildFile; fileRef = F6C173621CF022DF006C2501 /* ESTabBarItemAnimator.swift */; };
		F6C173701CF022DF006C2501 /* ESTabBarItemAnimator.swift in Sources */ = {isa = PBXBuildFile; fileRef = F6C173621CF022DF006C2501 /* ESTabBarItemAnimator.swift */; };
		F6C173711CF022DF006C2501 /* ESTabBarItemContent.swift in Sources */ = {isa = PBXBuildFile; fileRef = F6C173631CF022DF006C2501 /* ESTabBarItemContent.swift */; };
		F6C173721CF022DF006C2501 /* ESTabBarItemContent.swift in Sources */ = {isa = PBXBuildFile; fileRef = F6C173631CF022DF006C2501 /* ESTabBarItemContent.swift */; };
		F6C173731CF022DF006C2501 /* ESTabBarItemContent.swift in Sources */ = {isa = PBXBuildFile; fileRef = F6C173631CF022DF006C2501 /* ESTabBarItemContent.swift */; };
		F6C173741CF022DF006C2501 /* ESTabBarItemProtocol.swift in Sources */ = {isa = PBXBuildFile; fileRef = F6C173641CF022DF006C2501 /* ESTabBarItemProtocol.swift */; };
		F6C173751CF022DF006C2501 /* ESTabBarItemProtocol.swift in Sources */ = {isa = PBXBuildFile; fileRef = F6C173641CF022DF006C2501 /* ESTabBarItemProtocol.swift */; };
		F6C173761CF022DF006C2501 /* ESTabBarItemProtocol.swift in Sources */ = {isa = PBXBuildFile; fileRef = F6C173641CF022DF006C2501 /* ESTabBarItemProtocol.swift */; };
		F6C173781CF02470006C2501 /* BackgroundStyleTabBarItemContent.swift in Sources */ = {isa = PBXBuildFile; fileRef = F6C173771CF02470006C2501 /* BackgroundStyleTabBarItemContent.swift */; };
		F6C173791CF02470006C2501 /* BackgroundStyleTabBarItemContent.swift in Sources */ = {isa = PBXBuildFile; fileRef = F6C173771CF02470006C2501 /* BackgroundStyleTabBarItemContent.swift */; };
		F6C1737A1CF02470006C2501 /* BackgroundStyleTabBarItemContent.swift in Sources */ = {isa = PBXBuildFile; fileRef = F6C173771CF02470006C2501 /* BackgroundStyleTabBarItemContent.swift */; };
		F6C1737D1CF02611006C2501 /* BouncesStyleTabBarController.swift in Sources */ = {isa = PBXBuildFile; fileRef = F6C1737C1CF02611006C2501 /* BouncesStyleTabBarController.swift */; };
		F6C1737E1CF02611006C2501 /* BouncesStyleTabBarController.swift in Sources */ = {isa = PBXBuildFile; fileRef = F6C1737C1CF02611006C2501 /* BouncesStyleTabBarController.swift */; };
		F6C1737F1CF02611006C2501 /* BouncesStyleTabBarController.swift in Sources */ = {isa = PBXBuildFile; fileRef = F6C1737C1CF02611006C2501 /* BouncesStyleTabBarController.swift */; };
		F6C173811CF02634006C2501 /* BouncesStyleAnimator.swift in Sources */ = {isa = PBXBuildFile; fileRef = F6C173801CF02634006C2501 /* BouncesStyleAnimator.swift */; };
		F6C173821CF02634006C2501 /* BouncesStyleAnimator.swift in Sources */ = {isa = PBXBuildFile; fileRef = F6C173801CF02634006C2501 /* BouncesStyleAnimator.swift */; };
		F6C173831CF02634006C2501 /* BouncesStyleAnimator.swift in Sources */ = {isa = PBXBuildFile; fileRef = F6C173801CF02634006C2501 /* BouncesStyleAnimator.swift */; };
		F6C173871CF027AA006C2501 /* IrregularityStyleAnimator.swift in Sources */ = {isa = PBXBuildFile; fileRef = F6C173851CF027AA006C2501 /* IrregularityStyleAnimator.swift */; };
		F6C173881CF027AA006C2501 /* IrregularityStyleAnimator.swift in Sources */ = {isa = PBXBuildFile; fileRef = F6C173851CF027AA006C2501 /* IrregularityStyleAnimator.swift */; };
		F6C173891CF027AA006C2501 /* IrregularityStyleAnimator.swift in Sources */ = {isa = PBXBuildFile; fileRef = F6C173851CF027AA006C2501 /* IrregularityStyleAnimator.swift */; };
		F6C1738A1CF027AA006C2501 /* IrregularityStyleTabBarController.swift in Sources */ = {isa = PBXBuildFile; fileRef = F6C173861CF027AA006C2501 /* IrregularityStyleTabBarController.swift */; };
		F6C1738B1CF027AA006C2501 /* IrregularityStyleTabBarController.swift in Sources */ = {isa = PBXBuildFile; fileRef = F6C173861CF027AA006C2501 /* IrregularityStyleTabBarController.swift */; };
		F6C1738C1CF027AA006C2501 /* IrregularityStyleTabBarController.swift in Sources */ = {isa = PBXBuildFile; fileRef = F6C173861CF027AA006C2501 /* IrregularityStyleTabBarController.swift */; };
		F6C173941CF03B8B006C2501 /* NotificationStyleTabBarController.swift in Sources */ = {isa = PBXBuildFile; fileRef = F6C1738F1CF03B8B006C2501 /* NotificationStyleTabBarController.swift */; };
		F6C173951CF03B8B006C2501 /* NotificationStyleTabBarController.swift in Sources */ = {isa = PBXBuildFile; fileRef = F6C1738F1CF03B8B006C2501 /* NotificationStyleTabBarController.swift */; };
		F6C173961CF03B8B006C2501 /* NotificationStyleTabBarController.swift in Sources */ = {isa = PBXBuildFile; fileRef = F6C1738F1CF03B8B006C2501 /* NotificationStyleTabBarController.swift */; };
		F6C1739B1CF04B51006C2501 /* NotificationStyleAnimator.swift in Sources */ = {isa = PBXBuildFile; fileRef = F6C1739A1CF04B51006C2501 /* NotificationStyleAnimator.swift */; };
		F6C1739C1CF04B51006C2501 /* NotificationStyleAnimator.swift in Sources */ = {isa = PBXBuildFile; fileRef = F6C1739A1CF04B51006C2501 /* NotificationStyleAnimator.swift */; };
		F6C1739D1CF04B51006C2501 /* NotificationStyleAnimator.swift in Sources */ = {isa = PBXBuildFile; fileRef = F6C1739A1CF04B51006C2501 /* NotificationStyleAnimator.swift */; };
		F6C772F31CEADD10000E7777 /* ExampleBaseAnimator.swift in Sources */ = {isa = PBXBuildFile; fileRef = F6C772F21CEADD10000E7777 /* ExampleBaseAnimator.swift */; };
		F6F1349D1CE5B9170034D15D /* AppDelegate.swift in Sources */ = {isa = PBXBuildFile; fileRef = F6F1349C1CE5B9170034D15D /* AppDelegate.swift */; };
		F6F1349F1CE5B9170034D15D /* ViewController.swift in Sources */ = {isa = PBXBuildFile; fileRef = F6F1349E1CE5B9170034D15D /* ViewController.swift */; };
		F6F134A21CE5B9170034D15D /* Main.storyboard in Resources */ = {isa = PBXBuildFile; fileRef = F6F134A01CE5B9170034D15D /* Main.storyboard */; };
		F6F134A41CE5B9170034D15D /* Assets.xcassets in Resources */ = {isa = PBXBuildFile; fileRef = F6F134A31CE5B9170034D15D /* Assets.xcassets */; };
		F6F134A71CE5B9170034D15D /* LaunchScreen.storyboard in Resources */ = {isa = PBXBuildFile; fileRef = F6F134A51CE5B9170034D15D /* LaunchScreen.storyboard */; };
		F6F134B21CE5B9170034D15D /* ESTabBarControllerExampleTests.swift in Sources */ = {isa = PBXBuildFile; fileRef = F6F134B11CE5B9170034D15D /* ESTabBarControllerExampleTests.swift */; };
		F6F134BD1CE5B9170034D15D /* ESTabBarControllerExampleUITests.swift in Sources */ = {isa = PBXBuildFile; fileRef = F6F134BC1CE5B9170034D15D /* ESTabBarControllerExampleUITests.swift */; };
		F6F1352A1CE9E09B0034D15D /* ExampleSpreadAnimator.swift in Sources */ = {isa = PBXBuildFile; fileRef = F6F135271CE9E09B0034D15D /* ExampleSpreadAnimator.swift */; };
		F6F1352E1CE9E0B70034D15D /* WebViewController.swift in Sources */ = {isa = PBXBuildFile; fileRef = F6F1352C1CE9E0B70034D15D /* WebViewController.swift */; };
/* End PBXBuildFile section */

/* Begin PBXContainerItemProxy section */
		F6F134AE1CE5B9170034D15D /* PBXContainerItemProxy */ = {
			isa = PBXContainerItemProxy;
			containerPortal = F6F134911CE5B9170034D15D /* Project object */;
			proxyType = 1;
			remoteGlobalIDString = F6F134981CE5B9170034D15D;
			remoteInfo = ESTabBarControllerExample;
		};
		F6F134B91CE5B9170034D15D /* PBXContainerItemProxy */ = {
			isa = PBXContainerItemProxy;
			containerPortal = F6F134911CE5B9170034D15D /* Project object */;
			proxyType = 1;
			remoteGlobalIDString = F6F134981CE5B9170034D15D;
			remoteInfo = ESTabBarControllerExample;
		};
/* End PBXContainerItemProxy section */

/* Begin PBXCopyFilesBuildPhase section */
		F6F135161CE70CA30034D15D /* Embed Frameworks */ = {
			isa = PBXCopyFilesBuildPhase;
			buildActionMask = 2147483647;
			dstPath = "";
			dstSubfolderSpec = 10;
			files = (
				F6C1734A1CF00374006C2501 /* pop.framework in Embed Frameworks */,
			);
			name = "Embed Frameworks";
			runOnlyForDeploymentPostprocessing = 0;
		};
/* End PBXCopyFilesBuildPhase section */

/* Begin PBXFileReference section */
		9078C1941E487CFD00716A46 /* WebView.storyboard */ = {isa = PBXFileReference; fileEncoding = 4; lastKnownFileType = file.storyboard; path = WebView.storyboard; sourceTree = "<group>"; };
		F6BA9E831CEEA99500F07504 /* pop.framework */ = {isa = PBXFileReference; lastKnownFileType = wrapper.framework; path = pop.framework; sourceTree = "<group>"; };
		F6C1734E1CF02096006C2501 /* BackgroundStyleTabBarController.swift */ = {isa = PBXFileReference; fileEncoding = 4; lastKnownFileType = sourcecode.swift; path = BackgroundStyleTabBarController.swift; sourceTree = "<group>"; };
		F6C173521CF021F2006C2501 /* ExampleNavigationController.swift */ = {isa = PBXFileReference; fileEncoding = 4; lastKnownFileType = sourcecode.swift; path = ExampleNavigationController.swift; sourceTree = "<group>"; };
		F6C173531CF021F2006C2501 /* ExampleViewController.swift */ = {isa = PBXFileReference; fileEncoding = 4; lastKnownFileType = sourcecode.swift; path = ExampleViewController.swift; sourceTree = "<group>"; };
		F6C1735A1CF02219006C2501 /* BackgroundStyleAnimator.swift */ = {isa = PBXFileReference; fileEncoding = 4; lastKnownFileType = sourcecode.swift; path = BackgroundStyleAnimator.swift; sourceTree = "<group>"; };
		F6C1735F1CF022DF006C2501 /* ESTabBarBadge.swift */ = {isa = PBXFileReference; fileEncoding = 4; lastKnownFileType = sourcecode.swift; path = ESTabBarBadge.swift; sourceTree = "<group>"; };
		F6C173601CF022DF006C2501 /* ESTabBarController.swift */ = {isa = PBXFileReference; fileEncoding = 4; lastKnownFileType = sourcecode.swift; path = ESTabBarController.swift; sourceTree = "<group>"; };
		F6C173611CF022DF006C2501 /* ESTabBarItem.swift */ = {isa = PBXFileReference; fileEncoding = 4; lastKnownFileType = sourcecode.swift; path = ESTabBarItem.swift; sourceTree = "<group>"; };
		F6C173621CF022DF006C2501 /* ESTabBarItemAnimator.swift */ = {isa = PBXFileReference; fileEncoding = 4; lastKnownFileType = sourcecode.swift; path = ESTabBarItemAnimator.swift; sourceTree = "<group>"; };
		F6C173631CF022DF006C2501 /* ESTabBarItemContent.swift */ = {isa = PBXFileReference; fileEncoding = 4; lastKnownFileType = sourcecode.swift; path = ESTabBarItemContent.swift; sourceTree = "<group>"; };
		F6C173641CF022DF006C2501 /* ESTabBarItemProtocol.swift */ = {isa = PBXFileReference; fileEncoding = 4; lastKnownFileType = sourcecode.swift; path = ESTabBarItemProtocol.swift; sourceTree = "<group>"; };
		F6C173771CF02470006C2501 /* BackgroundStyleTabBarItemContent.swift */ = {isa = PBXFileReference; fileEncoding = 4; lastKnownFileType = sourcecode.swift; path = BackgroundStyleTabBarItemContent.swift; sourceTree = "<group>"; };
		F6C1737C1CF02611006C2501 /* BouncesStyleTabBarController.swift */ = {isa = PBXFileReference; fileEncoding = 4; lastKnownFileType = sourcecode.swift; path = BouncesStyleTabBarController.swift; sourceTree = "<group>"; };
		F6C173801CF02634006C2501 /* BouncesStyleAnimator.swift */ = {isa = PBXFileReference; fileEncoding = 4; lastKnownFileType = sourcecode.swift; path = BouncesStyleAnimator.swift; sourceTree = "<group>"; };
		F6C173851CF027AA006C2501 /* IrregularityStyleAnimator.swift */ = {isa = PBXFileReference; fileEncoding = 4; lastKnownFileType = sourcecode.swift; path = IrregularityStyleAnimator.swift; sourceTree = "<group>"; };
		F6C173861CF027AA006C2501 /* IrregularityStyleTabBarController.swift */ = {isa = PBXFileReference; fileEncoding = 4; lastKnownFileType = sourcecode.swift; path = IrregularityStyleTabBarController.swift; sourceTree = "<group>"; };
		F6C1738F1CF03B8B006C2501 /* NotificationStyleTabBarController.swift */ = {isa = PBXFileReference; fileEncoding = 4; lastKnownFileType = sourcecode.swift; path = NotificationStyleTabBarController.swift; sourceTree = "<group>"; };
		F6C1739A1CF04B51006C2501 /* NotificationStyleAnimator.swift */ = {isa = PBXFileReference; fileEncoding = 4; lastKnownFileType = sourcecode.swift; path = NotificationStyleAnimator.swift; sourceTree = "<group>"; };
		F6C772F21CEADD10000E7777 /* ExampleBaseAnimator.swift */ = {isa = PBXFileReference; fileEncoding = 4; lastKnownFileType = sourcecode.swift; path = ExampleBaseAnimator.swift; sourceTree = "<group>"; };
		F6F134991CE5B9170034D15D /* ESTabBarControllerExample.app */ = {isa = PBXFileReference; explicitFileType = wrapper.application; includeInIndex = 0; path = ESTabBarControllerExample.app; sourceTree = BUILT_PRODUCTS_DIR; };
		F6F1349C1CE5B9170034D15D /* AppDelegate.swift */ = {isa = PBXFileReference; lastKnownFileType = sourcecode.swift; path = AppDelegate.swift; sourceTree = "<group>"; };
		F6F1349E1CE5B9170034D15D /* ViewController.swift */ = {isa = PBXFileReference; lastKnownFileType = sourcecode.swift; path = ViewController.swift; sourceTree = "<group>"; };
		F6F134A11CE5B9170034D15D /* Base */ = {isa = PBXFileReference; lastKnownFileType = file.storyboard; name = Base; path = Base.lproj/Main.storyboard; sourceTree = "<group>"; };
		F6F134A31CE5B9170034D15D /* Assets.xcassets */ = {isa = PBXFileReference; lastKnownFileType = folder.assetcatalog; path = Assets.xcassets; sourceTree = "<group>"; };
		F6F134A61CE5B9170034D15D /* Base */ = {isa = PBXFileReference; lastKnownFileType = file.storyboard; name = Base; path = Base.lproj/LaunchScreen.storyboard; sourceTree = "<group>"; };
		F6F134A81CE5B9170034D15D /* Info.plist */ = {isa = PBXFileReference; lastKnownFileType = text.plist.xml; path = Info.plist; sourceTree = "<group>"; };
		F6F134AD1CE5B9170034D15D /* ESTabBarControllerExampleTests.xctest */ = {isa = PBXFileReference; explicitFileType = wrapper.cfbundle; includeInIndex = 0; path = ESTabBarControllerExampleTests.xctest; sourceTree = BUILT_PRODUCTS_DIR; };
		F6F134B11CE5B9170034D15D /* ESTabBarControllerExampleTests.swift */ = {isa = PBXFileReference; lastKnownFileType = sourcecode.swift; path = ESTabBarControllerExampleTests.swift; sourceTree = "<group>"; };
		F6F134B31CE5B9170034D15D /* Info.plist */ = {isa = PBXFileReference; lastKnownFileType = text.plist.xml; path = Info.plist; sourceTree = "<group>"; };
		F6F134B81CE5B9170034D15D /* ESTabBarControllerExampleUITests.xctest */ = {isa = PBXFileReference; explicitFileType = wrapper.cfbundle; includeInIndex = 0; path = ESTabBarControllerExampleUITests.xctest; sourceTree = BUILT_PRODUCTS_DIR; };
		F6F134BC1CE5B9170034D15D /* ESTabBarControllerExampleUITests.swift */ = {isa = PBXFileReference; lastKnownFileType = sourcecode.swift; path = ESTabBarControllerExampleUITests.swift; sourceTree = "<group>"; };
		F6F134BE1CE5B9170034D15D /* Info.plist */ = {isa = PBXFileReference; lastKnownFileType = text.plist.xml; path = Info.plist; sourceTree = "<group>"; };
		F6F135271CE9E09B0034D15D /* ExampleSpreadAnimator.swift */ = {isa = PBXFileReference; fileEncoding = 4; lastKnownFileType = sourcecode.swift; path = ExampleSpreadAnimator.swift; sourceTree = "<group>"; };
		F6F1352C1CE9E0B70034D15D /* WebViewController.swift */ = {isa = PBXFileReference; fileEncoding = 4; lastKnownFileType = sourcecode.swift; path = WebViewController.swift; sourceTree = "<group>"; };
/* End PBXFileReference section */

/* Begin PBXFrameworksBuildPhase section */
		F6F134961CE5B9170034D15D /* Frameworks */ = {
			isa = PBXFrameworksBuildPhase;
			buildActionMask = 2147483647;
			files = (
				F6BA9E851CEEA99500F07504 /* pop.framework in Frameworks */,
			);
			runOnlyForDeploymentPostprocessing = 0;
		};
		F6F134AA1CE5B9170034D15D /* Frameworks */ = {
			isa = PBXFrameworksBuildPhase;
			buildActionMask = 2147483647;
			files = (
				F6BA9E861CEEA99500F07504 /* pop.framework in Frameworks */,
			);
			runOnlyForDeploymentPostprocessing = 0;
		};
		F6F134B51CE5B9170034D15D /* Frameworks */ = {
			isa = PBXFrameworksBuildPhase;
			buildActionMask = 2147483647;
			files = (
				F6BA9E871CEEA99600F07504 /* pop.framework in Frameworks */,
			);
			runOnlyForDeploymentPostprocessing = 0;
		};
/* End PBXFrameworksBuildPhase section */

/* Begin PBXGroup section */
		F6C1734D1CF02080006C2501 /* Background */ = {
			isa = PBXGroup;
			children = (
				F6C1734E1CF02096006C2501 /* BackgroundStyleTabBarController.swift */,
				F6C1735A1CF02219006C2501 /* BackgroundStyleAnimator.swift */,
				F6C173771CF02470006C2501 /* BackgroundStyleTabBarItemContent.swift */,
			);
			path = Background;
			sourceTree = "<group>";
		};
		F6C1735E1CF022DF006C2501 /* ESTabBarController */ = {
			isa = PBXGroup;
			children = (
				F6C1735F1CF022DF006C2501 /* ESTabBarBadge.swift */,
				F6C173601CF022DF006C2501 /* ESTabBarController.swift */,
				F6C173611CF022DF006C2501 /* ESTabBarItem.swift */,
				F6C173621CF022DF006C2501 /* ESTabBarItemAnimator.swift */,
				F6C173631CF022DF006C2501 /* ESTabBarItemContent.swift */,
				F6C173641CF022DF006C2501 /* ESTabBarItemProtocol.swift */,
			);
			name = ESTabBarController;
			path = ../ESTabBarController;
			sourceTree = "<group>";
		};
		F6C1737B1CF02605006C2501 /* Bounces */ = {
			isa = PBXGroup;
			children = (
				F6C1737C1CF02611006C2501 /* BouncesStyleTabBarController.swift */,
				F6C173801CF02634006C2501 /* BouncesStyleAnimator.swift */,
			);
			path = Bounces;
			sourceTree = "<group>";
		};
		F6C173841CF02789006C2501 /* Irregularity */ = {
			isa = PBXGroup;
			children = (
				F6C173851CF027AA006C2501 /* IrregularityStyleAnimator.swift */,
				F6C173861CF027AA006C2501 /* IrregularityStyleTabBarController.swift */,
			);
			path = Irregularity;
			sourceTree = "<group>";
		};
		F6C1738D1CF03B67006C2501 /* Notification */ = {
			isa = PBXGroup;
			children = (
				F6C1738F1CF03B8B006C2501 /* NotificationStyleTabBarController.swift */,
				F6C1739A1CF04B51006C2501 /* NotificationStyleAnimator.swift */,
			);
			path = Notification;
			sourceTree = "<group>";
		};
		F6F134901CE5B9170034D15D = {
			isa = PBXGroup;
			children = (
				F6C1735E1CF022DF006C2501 /* ESTabBarController */,
				F6F1349B1CE5B9170034D15D /* ESTabBarControllerExample */,
				F6F134B01CE5B9170034D15D /* ESTabBarControllerExampleTests */,
				F6F134BB1CE5B9170034D15D /* ESTabBarControllerExampleUITests */,
				F6F1349A1CE5B9170034D15D /* Products */,
			);
			sourceTree = "<group>";
		};
		F6F1349A1CE5B9170034D15D /* Products */ = {
			isa = PBXGroup;
			children = (
				F6F134991CE5B9170034D15D /* ESTabBarControllerExample.app */,
				F6F134AD1CE5B9170034D15D /* ESTabBarControllerExampleTests.xctest */,
				F6F134B81CE5B9170034D15D /* ESTabBarControllerExampleUITests.xctest */,
			);
			name = Products;
			sourceTree = "<group>";
		};
		F6F1349B1CE5B9170034D15D /* ESTabBarControllerExample */ = {
			isa = PBXGroup;
			children = (
				F6F135231CE9E09B0034D15D /* Example */,
				F6F135261CE9E09B0034D15D /* Animator */,
				F6F1352B1CE9E0B70034D15D /* Me */,
				F6F1349C1CE5B9170034D15D /* AppDelegate.swift */,
				F6F1349E1CE5B9170034D15D /* ViewController.swift */,
				F6F134A01CE5B9170034D15D /* Main.storyboard */,
				F6F134A31CE5B9170034D15D /* Assets.xcassets */,
				F6F134A51CE5B9170034D15D /* LaunchScreen.storyboard */,
				F6F134A81CE5B9170034D15D /* Info.plist */,
				F6F1350D1CE70BF10034D15D /* Framework */,
			);
			path = ESTabBarControllerExample;
			sourceTree = "<group>";
		};
		F6F134B01CE5B9170034D15D /* ESTabBarControllerExampleTests */ = {
			isa = PBXGroup;
			children = (
				F6F134B11CE5B9170034D15D /* ESTabBarControllerExampleTests.swift */,
				F6F134B31CE5B9170034D15D /* Info.plist */,
			);
			path = ESTabBarControllerExampleTests;
			sourceTree = "<group>";
		};
		F6F134BB1CE5B9170034D15D /* ESTabBarControllerExampleUITests */ = {
			isa = PBXGroup;
			children = (
				F6F134BC1CE5B9170034D15D /* ESTabBarControllerExampleUITests.swift */,
				F6F134BE1CE5B9170034D15D /* Info.plist */,
			);
			path = ESTabBarControllerExampleUITests;
			sourceTree = "<group>";
		};
		F6F1350D1CE70BF10034D15D /* Framework */ = {
			isa = PBXGroup;
			children = (
				F6BA9E831CEEA99500F07504 /* pop.framework */,
			);
			path = Framework;
			sourceTree = "<group>";
		};
		F6F135231CE9E09B0034D15D /* Example */ = {
			isa = PBXGroup;
			children = (
				F6C173531CF021F2006C2501 /* ExampleViewController.swift */,
				F6C173521CF021F2006C2501 /* ExampleNavigationController.swift */,
				F6C1738D1CF03B67006C2501 /* Notification */,
				F6C1734D1CF02080006C2501 /* Background */,
				F6C1737B1CF02605006C2501 /* Bounces */,
				F6C173841CF02789006C2501 /* Irregularity */,
			);
			path = Example;
			sourceTree = "<group>";
		};
		F6F135261CE9E09B0034D15D /* Animator */ = {
			isa = PBXGroup;
			children = (
				F6C772F21CEADD10000E7777 /* ExampleBaseAnimator.swift */,
				F6F135271CE9E09B0034D15D /* ExampleSpreadAnimator.swift */,
			);
			path = Animator;
			sourceTree = "<group>";
		};
		F6F1352B1CE9E0B70034D15D /* Me */ = {
			isa = PBXGroup;
			children = (
				F6F1352C1CE9E0B70034D15D /* WebViewController.swift */,
				9078C1941E487CFD00716A46 /* WebView.storyboard */,
			);
			path = Me;
			sourceTree = "<group>";
		};
/* End PBXGroup section */

/* Begin PBXNativeTarget section */
		F6F134981CE5B9170034D15D /* ESTabBarControllerExample */ = {
			isa = PBXNativeTarget;
			buildConfigurationList = F6F134C11CE5B9170034D15D /* Build configuration list for PBXNativeTarget "ESTabBarControllerExample" */;
			buildPhases = (
				F6F134951CE5B9170034D15D /* Sources */,
				F6F134961CE5B9170034D15D /* Frameworks */,
				F6F134971CE5B9170034D15D /* Resources */,
				F6F135161CE70CA30034D15D /* Embed Frameworks */,
			);
			buildRules = (
			);
			dependencies = (
			);
			name = ESTabBarControllerExample;
			productName = ESTabBarControllerExample;
			productReference = F6F134991CE5B9170034D15D /* ESTabBarControllerExample.app */;
			productType = "com.apple.product-type.application";
		};
		F6F134AC1CE5B9170034D15D /* ESTabBarControllerExampleTests */ = {
			isa = PBXNativeTarget;
			buildConfigurationList = F6F134C41CE5B9170034D15D /* Build configuration list for PBXNativeTarget "ESTabBarControllerExampleTests" */;
			buildPhases = (
				F6F134A91CE5B9170034D15D /* Sources */,
				F6F134AA1CE5B9170034D15D /* Frameworks */,
				F6F134AB1CE5B9170034D15D /* Resources */,
			);
			buildRules = (
			);
			dependencies = (
				F6F134AF1CE5B9170034D15D /* PBXTargetDependency */,
			);
			name = ESTabBarControllerExampleTests;
			productName = ESTabBarControllerExampleTests;
			productReference = F6F134AD1CE5B9170034D15D /* ESTabBarControllerExampleTests.xctest */;
			productType = "com.apple.product-type.bundle.unit-test";
		};
		F6F134B71CE5B9170034D15D /* ESTabBarControllerExampleUITests */ = {
			isa = PBXNativeTarget;
			buildConfigurationList = F6F134C71CE5B9170034D15D /* Build configuration list for PBXNativeTarget "ESTabBarControllerExampleUITests" */;
			buildPhases = (
				F6F134B41CE5B9170034D15D /* Sources */,
				F6F134B51CE5B9170034D15D /* Frameworks */,
				F6F134B61CE5B9170034D15D /* Resources */,
			);
			buildRules = (
			);
			dependencies = (
				F6F134BA1CE5B9170034D15D /* PBXTargetDependency */,
			);
			name = ESTabBarControllerExampleUITests;
			productName = ESTabBarControllerExampleUITests;
			productReference = F6F134B81CE5B9170034D15D /* ESTabBarControllerExampleUITests.xctest */;
			productType = "com.apple.product-type.bundle.ui-testing";
		};
/* End PBXNativeTarget section */

/* Begin PBXProject section */
		F6F134911CE5B9170034D15D /* Project object */ = {
			isa = PBXProject;
			attributes = {
				LastSwiftUpdateCheck = 0730;
				LastUpgradeCheck = 0730;
				ORGANIZATIONNAME = "Egg Swift";
				TargetAttributes = {
					F6F134981CE5B9170034D15D = {
						CreatedOnToolsVersion = 7.3;
						LastSwiftMigration = 0820;
					};
					F6F134AC1CE5B9170034D15D = {
						CreatedOnToolsVersion = 7.3;
						LastSwiftMigration = 0820;
						TestTargetID = F6F134981CE5B9170034D15D;
					};
					F6F134B71CE5B9170034D15D = {
						CreatedOnToolsVersion = 7.3;
						LastSwiftMigration = 0820;
						TestTargetID = F6F134981CE5B9170034D15D;
					};
				};
			};
			buildConfigurationList = F6F134941CE5B9170034D15D /* Build configuration list for PBXProject "ESTabBarControllerExample" */;
			compatibilityVersion = "Xcode 3.2";
			developmentRegion = English;
			hasScannedForEncodings = 0;
			knownRegions = (
				en,
				Base,
			);
			mainGroup = F6F134901CE5B9170034D15D;
			productRefGroup = F6F1349A1CE5B9170034D15D /* Products */;
			projectDirPath = "";
			projectRoot = "";
			targets = (
				F6F134981CE5B9170034D15D /* ESTabBarControllerExample */,
				F6F134AC1CE5B9170034D15D /* ESTabBarControllerExampleTests */,
				F6F134B71CE5B9170034D15D /* ESTabBarControllerExampleUITests */,
			);
		};
/* End PBXProject section */

/* Begin PBXResourcesBuildPhase section */
		F6F134971CE5B9170034D15D /* Resources */ = {
			isa = PBXResourcesBuildPhase;
			buildActionMask = 2147483647;
			files = (
				F6F134A71CE5B9170034D15D /* LaunchScreen.storyboard in Resources */,
				F6F134A41CE5B9170034D15D /* Assets.xcassets in Resources */,
				9078C1951E487CFD00716A46 /* WebView.storyboard in Resources */,
				F6F134A21CE5B9170034D15D /* Main.storyboard in Resources */,
			);
			runOnlyForDeploymentPostprocessing = 0;
		};
		F6F134AB1CE5B9170034D15D /* Resources */ = {
			isa = PBXResourcesBuildPhase;
			buildActionMask = 2147483647;
			files = (
			);
			runOnlyForDeploymentPostprocessing = 0;
		};
		F6F134B61CE5B9170034D15D /* Resources */ = {
			isa = PBXResourcesBuildPhase;
			buildActionMask = 2147483647;
			files = (
			);
			runOnlyForDeploymentPostprocessing = 0;
		};
/* End PBXResourcesBuildPhase section */

/* Begin PBXSourcesBuildPhase section */
		F6F134951CE5B9170034D15D /* Sources */ = {
			isa = PBXSourcesBuildPhase;
			buildActionMask = 2147483647;
			files = (
				F6C1736B1CF022DF006C2501 /* ESTabBarItem.swift in Sources */,
				F6C173941CF03B8B006C2501 /* NotificationStyleTabBarController.swift in Sources */,
				F6C1737D1CF02611006C2501 /* BouncesStyleTabBarController.swift in Sources */,
				F6C173781CF02470006C2501 /* BackgroundStyleTabBarItemContent.swift in Sources */,
				F6C173711CF022DF006C2501 /* ESTabBarItemContent.swift in Sources */,
				F6C1735B1CF02219006C2501 /* BackgroundStyleAnimator.swift in Sources */,
				F6F1352A1CE9E09B0034D15D /* ExampleSpreadAnimator.swift in Sources */,
				F6C173541CF021F2006C2501 /* ExampleNavigationController.swift in Sources */,
				F6C173741CF022DF006C2501 /* ESTabBarItemProtocol.swift in Sources */,
				F6C173871CF027AA006C2501 /* IrregularityStyleAnimator.swift in Sources */,
				F6C1736E1CF022DF006C2501 /* ESTabBarItemAnimator.swift in Sources */,
				F6C1739B1CF04B51006C2501 /* NotificationStyleAnimator.swift in Sources */,
				F6C1738A1CF027AA006C2501 /* IrregularityStyleTabBarController.swift in Sources */,
				F6C173681CF022DF006C2501 /* ESTabBarController.swift in Sources */,
				F6F1352E1CE9E0B70034D15D /* WebViewController.swift in Sources */,
				F6C1734F1CF02096006C2501 /* BackgroundStyleTabBarController.swift in Sources */,
				F6F1349F1CE5B9170034D15D /* ViewController.swift in Sources */,
				F6C173811CF02634006C2501 /* BouncesStyleAnimator.swift in Sources */,
				F6F1349D1CE5B9170034D15D /* AppDelegate.swift in Sources */,
				F6C173651CF022DF006C2501 /* ESTabBarBadge.swift in Sources */,
				F6C173571CF021F2006C2501 /* ExampleViewController.swift in Sources */,
				F6C772F31CEADD10000E7777 /* ExampleBaseAnimator.swift in Sources */,
			);
			runOnlyForDeploymentPostprocessing = 0;
		};
		F6F134A91CE5B9170034D15D /* Sources */ = {
			isa = PBXSourcesBuildPhase;
			buildActionMask = 2147483647;
			files = (
				9078C1901E487C7600716A46 /* WebViewController.swift in Sources */,
				F6C173951CF03B8B006C2501 /* NotificationStyleTabBarController.swift in Sources */,
				F6C1736F1CF022DF006C2501 /* ESTabBarItemAnimator.swift in Sources */,
				F6C1736C1CF022DF006C2501 /* ESTabBarItem.swift in Sources */,
				F6C173751CF022DF006C2501 /* ESTabBarItemProtocol.swift in Sources */,
				F6C173501CF02096006C2501 /* BackgroundStyleTabBarController.swift in Sources */,
				F6C173691CF022DF006C2501 /* ESTabBarController.swift in Sources */,
				F6C1735C1CF02219006C2501 /* BackgroundStyleAnimator.swift in Sources */,
				F6C1738B1CF027AA006C2501 /* IrregularityStyleTabBarController.swift in Sources */,
				F6F134B21CE5B9170034D15D /* ESTabBarControllerExampleTests.swift in Sources */,
				F6C173721CF022DF006C2501 /* ESTabBarItemContent.swift in Sources */,
				F6C173821CF02634006C2501 /* BouncesStyleAnimator.swift in Sources */,
				F6C173791CF02470006C2501 /* BackgroundStyleTabBarItemContent.swift in Sources */,
				F6C173661CF022DF006C2501 /* ESTabBarBadge.swift in Sources */,
				F6C173881CF027AA006C2501 /* IrregularityStyleAnimator.swift in Sources */,
				F6C173551CF021F2006C2501 /* ExampleNavigationController.swift in Sources */,
				F6C1739C1CF04B51006C2501 /* NotificationStyleAnimator.swift in Sources */,
				F6C173581CF021F2006C2501 /* ExampleViewController.swift in Sources */,
				F6C1737E1CF02611006C2501 /* BouncesStyleTabBarController.swift in Sources */,
			);
			runOnlyForDeploymentPostprocessing = 0;
		};
		F6F134B41CE5B9170034D15D /* Sources */ = {
			isa = PBXSourcesBuildPhase;
			buildActionMask = 2147483647;
			files = (
				9078C1911E487C7700716A46 /* WebViewController.swift in Sources */,
				F6C173961CF03B8B006C2501 /* NotificationStyleTabBarController.swift in Sources */,
				F6C173701CF022DF006C2501 /* ESTabBarItemAnimator.swift in Sources */,
				F6C1736D1CF022DF006C2501 /* ESTabBarItem.swift in Sources */,
				F6C173761CF022DF006C2501 /* ESTabBarItemProtocol.swift in Sources */,
				F6C173511CF02096006C2501 /* BackgroundStyleTabBarController.swift in Sources */,
				F6C1736A1CF022DF006C2501 /* ESTabBarController.swift in Sources */,
				F6C1735D1CF02219006C2501 /* BackgroundStyleAnimator.swift in Sources */,
				F6C1738C1CF027AA006C2501 /* IrregularityStyleTabBarController.swift in Sources */,
				F6F134BD1CE5B9170034D15D /* ESTabBarControllerExampleUITests.swift in Sources */,
				F6C173731CF022DF006C2501 /* ESTabBarItemContent.swift in Sources */,
				F6C173831CF02634006C2501 /* BouncesStyleAnimator.swift in Sources */,
				F6C1737A1CF02470006C2501 /* BackgroundStyleTabBarItemContent.swift in Sources */,
				F6C173671CF022DF006C2501 /* ESTabBarBadge.swift in Sources */,
				F6C173891CF027AA006C2501 /* IrregularityStyleAnimator.swift in Sources */,
				F6C173561CF021F2006C2501 /* ExampleNavigationController.swift in Sources */,
				F6C1739D1CF04B51006C2501 /* NotificationStyleAnimator.swift in Sources */,
				F6C173591CF021F2006C2501 /* ExampleViewController.swift in Sources */,
				F6C1737F1CF02611006C2501 /* BouncesStyleTabBarController.swift in Sources */,
			);
			runOnlyForDeploymentPostprocessing = 0;
		};
/* End PBXSourcesBuildPhase section */

/* Begin PBXTargetDependency section */
		F6F134AF1CE5B9170034D15D /* PBXTargetDependency */ = {
			isa = PBXTargetDependency;
			target = F6F134981CE5B9170034D15D /* ESTabBarControllerExample */;
			targetProxy = F6F134AE1CE5B9170034D15D /* PBXContainerItemProxy */;
		};
		F6F134BA1CE5B9170034D15D /* PBXTargetDependency */ = {
			isa = PBXTargetDependency;
			target = F6F134981CE5B9170034D15D /* ESTabBarControllerExample */;
			targetProxy = F6F134B91CE5B9170034D15D /* PBXContainerItemProxy */;
		};
/* End PBXTargetDependency section */

/* Begin PBXVariantGroup section */
		F6F134A01CE5B9170034D15D /* Main.storyboard */ = {
			isa = PBXVariantGroup;
			children = (
				F6F134A11CE5B9170034D15D /* Base */,
			);
			name = Main.storyboard;
			sourceTree = "<group>";
		};
		F6F134A51CE5B9170034D15D /* LaunchScreen.storyboard */ = {
			isa = PBXVariantGroup;
			children = (
				F6F134A61CE5B9170034D15D /* Base */,
			);
			name = LaunchScreen.storyboard;
			sourceTree = "<group>";
		};
/* End PBXVariantGroup section */

/* Begin XCBuildConfiguration section */
		F6F134BF1CE5B9170034D15D /* Debug */ = {
			isa = XCBuildConfiguration;
			buildSettings = {
				ALWAYS_SEARCH_USER_PATHS = NO;
				CLANG_ANALYZER_NONNULL = YES;
				CLANG_CXX_LANGUAGE_STANDARD = "gnu++0x";
				CLANG_CXX_LIBRARY = "libc++";
				CLANG_ENABLE_MODULES = YES;
				CLANG_ENABLE_OBJC_ARC = YES;
				CLANG_WARN_BOOL_CONVERSION = YES;
				CLANG_WARN_CONSTANT_CONVERSION = YES;
				CLANG_WARN_DIRECT_OBJC_ISA_USAGE = YES_ERROR;
				CLANG_WARN_EMPTY_BODY = YES;
				CLANG_WARN_ENUM_CONVERSION = YES;
				CLANG_WARN_INT_CONVERSION = YES;
				CLANG_WARN_OBJC_ROOT_CLASS = YES_ERROR;
				CLANG_WARN_UNREACHABLE_CODE = YES;
				CLANG_WARN__DUPLICATE_METHOD_MATCH = YES;
				"CODE_SIGN_IDENTITY[sdk=iphoneos*]" = "iPhone Developer";
				COPY_PHASE_STRIP = NO;
				DEBUG_INFORMATION_FORMAT = dwarf;
				ENABLE_STRICT_OBJC_MSGSEND = YES;
				ENABLE_TESTABILITY = YES;
				GCC_C_LANGUAGE_STANDARD = gnu99;
				GCC_DYNAMIC_NO_PIC = NO;
				GCC_NO_COMMON_BLOCKS = YES;
				GCC_OPTIMIZATION_LEVEL = 0;
				GCC_PREPROCESSOR_DEFINITIONS = (
					"DEBUG=1",
					"$(inherited)",
				);
				GCC_WARN_64_TO_32_BIT_CONVERSION = YES;
				GCC_WARN_ABOUT_RETURN_TYPE = YES_ERROR;
				GCC_WARN_UNDECLARED_SELECTOR = YES;
				GCC_WARN_UNINITIALIZED_AUTOS = YES_AGGRESSIVE;
				GCC_WARN_UNUSED_FUNCTION = YES;
				GCC_WARN_UNUSED_VARIABLE = YES;
				IPHONEOS_DEPLOYMENT_TARGET = 9.3;
				MTL_ENABLE_DEBUG_INFO = YES;
				ONLY_ACTIVE_ARCH = YES;
				SDKROOT = iphoneos;
				SWIFT_OPTIMIZATION_LEVEL = "-Onone";
				TARGETED_DEVICE_FAMILY = "1,2";
			};
			name = Debug;
		};
		F6F134C01CE5B9170034D15D /* Release */ = {
			isa = XCBuildConfiguration;
			buildSettings = {
				ALWAYS_SEARCH_USER_PATHS = NO;
				CLANG_ANALYZER_NONNULL = YES;
				CLANG_CXX_LANGUAGE_STANDARD = "gnu++0x";
				CLANG_CXX_LIBRARY = "libc++";
				CLANG_ENABLE_MODULES = YES;
				CLANG_ENABLE_OBJC_ARC = YES;
				CLANG_WARN_BOOL_CONVERSION = YES;
				CLANG_WARN_CONSTANT_CONVERSION = YES;
				CLANG_WARN_DIRECT_OBJC_ISA_USAGE = YES_ERROR;
				CLANG_WARN_EMPTY_BODY = YES;
				CLANG_WARN_ENUM_CONVERSION = YES;
				CLANG_WARN_INT_CONVERSION = YES;
				CLANG_WARN_OBJC_ROOT_CLASS = YES_ERROR;
				CLANG_WARN_UNREACHABLE_CODE = YES;
				CLANG_WARN__DUPLICATE_METHOD_MATCH = YES;
				"CODE_SIGN_IDENTITY[sdk=iphoneos*]" = "iPhone Developer";
				COPY_PHASE_STRIP = NO;
				DEBUG_INFORMATION_FORMAT = "dwarf-with-dsym";
				ENABLE_NS_ASSERTIONS = NO;
				ENABLE_STRICT_OBJC_MSGSEND = YES;
				GCC_C_LANGUAGE_STANDARD = gnu99;
				GCC_NO_COMMON_BLOCKS = YES;
				GCC_WARN_64_TO_32_BIT_CONVERSION = YES;
				GCC_WARN_ABOUT_RETURN_TYPE = YES_ERROR;
				GCC_WARN_UNDECLARED_SELECTOR = YES;
				GCC_WARN_UNINITIALIZED_AUTOS = YES_AGGRESSIVE;
				GCC_WARN_UNUSED_FUNCTION = YES;
				GCC_WARN_UNUSED_VARIABLE = YES;
				IPHONEOS_DEPLOYMENT_TARGET = 9.3;
				MTL_ENABLE_DEBUG_INFO = NO;
				SDKROOT = iphoneos;
				TARGETED_DEVICE_FAMILY = "1,2";
				VALIDATE_PRODUCT = YES;
			};
			name = Release;
		};
		F6F134C21CE5B9170034D15D /* Debug */ = {
			isa = XCBuildConfiguration;
			buildSettings = {
				ASSETCATALOG_COMPILER_APPICON_NAME = AppIcon;
				FRAMEWORK_SEARCH_PATHS = (
					"$(inherited)",
					"$(PROJECT_DIR)/ESTabBarControllerExample/Framework",
				);
				INFOPLIST_FILE = ESTabBarControllerExample/Info.plist;
				IPHONEOS_DEPLOYMENT_TARGET = 8.0;
				LD_RUNPATH_SEARCH_PATHS = "$(inherited) @executable_path/Frameworks";
				PRODUCT_BUNDLE_IDENTIFIER = com.eggswift.ESTabBarControllerExample;
				PRODUCT_NAME = "$(TARGET_NAME)";
				SWIFT_VERSION = 3.0;
			};
			name = Debug;
		};
		F6F134C31CE5B9170034D15D /* Release */ = {
			isa = XCBuildConfiguration;
			buildSettings = {
				ASSETCATALOG_COMPILER_APPICON_NAME = AppIcon;
				FRAMEWORK_SEARCH_PATHS = (
					"$(inherited)",
					"$(PROJECT_DIR)/ESTabBarControllerExample/Framework",
				);
				INFOPLIST_FILE = ESTabBarControllerExample/Info.plist;
				IPHONEOS_DEPLOYMENT_TARGET = 8.0;
				LD_RUNPATH_SEARCH_PATHS = "$(inherited) @executable_path/Frameworks";
				PRODUCT_BUNDLE_IDENTIFIER = com.eggswift.ESTabBarControllerExample;
				PRODUCT_NAME = "$(TARGET_NAME)";
				SWIFT_VERSION = 3.0;
			};
			name = Release;
		};
		F6F134C51CE5B9170034D15D /* Debug */ = {
			isa = XCBuildConfiguration;
			buildSettings = {
				BUNDLE_LOADER = "$(TEST_HOST)";
				FRAMEWORK_SEARCH_PATHS = (
					"$(inherited)",
					"$(PROJECT_DIR)/ESTabBarControllerExample/Framework",
				);
				INFOPLIST_FILE = ESTabBarControllerExampleTests/Info.plist;
				LD_RUNPATH_SEARCH_PATHS = "$(inherited) @executable_path/Frameworks @loader_path/Frameworks";
				PRODUCT_BUNDLE_IDENTIFIER = com.eggswift.ESTabBarControllerExampleTests;
				PRODUCT_NAME = "$(TARGET_NAME)";
				SWIFT_VERSION = 3.0;
				TEST_HOST = "$(BUILT_PRODUCTS_DIR)/ESTabBarControllerExample.app/ESTabBarControllerExample";
			};
			name = Debug;
		};
		F6F134C61CE5B9170034D15D /* Release */ = {
			isa = XCBuildConfiguration;
			buildSettings = {
				BUNDLE_LOADER = "$(TEST_HOST)";
				FRAMEWORK_SEARCH_PATHS = (
					"$(inherited)",
					"$(PROJECT_DIR)/ESTabBarControllerExample/Framework",
				);
				INFOPLIST_FILE = ESTabBarControllerExampleTests/Info.plist;
				LD_RUNPATH_SEARCH_PATHS = "$(inherited) @executable_path/Frameworks @loader_path/Frameworks";
				PRODUCT_BUNDLE_IDENTIFIER = com.eggswift.ESTabBarControllerExampleTests;
				PRODUCT_NAME = "$(TARGET_NAME)";
				SWIFT_VERSION = 3.0;
				TEST_HOST = "$(BUILT_PRODUCTS_DIR)/ESTabBarControllerExample.app/ESTabBarControllerExample";
			};
			name = Release;
		};
		F6F134C81CE5B9170034D15D /* Debug */ = {
			isa = XCBuildConfiguration;
			buildSettings = {
				FRAMEWORK_SEARCH_PATHS = (
					"$(inherited)",
					"$(PROJECT_DIR)/ESTabBarControllerExample/Framework",
				);
				INFOPLIST_FILE = ESTabBarControllerExampleUITests/Info.plist;
				LD_RUNPATH_SEARCH_PATHS = "$(inherited) @executable_path/Frameworks @loader_path/Frameworks";
				PRODUCT_BUNDLE_IDENTIFIER = com.eggswift.ESTabBarControllerExampleUITests;
				PRODUCT_NAME = "$(TARGET_NAME)";
				SWIFT_VERSION = 3.0;
				TEST_TARGET_NAME = ESTabBarControllerExample;
			};
			name = Debug;
		};
		F6F134C91CE5B9170034D15D /* Release */ = {
			isa = XCBuildConfiguration;
			buildSettings = {
				FRAMEWORK_SEARCH_PATHS = (
					"$(inherited)",
					"$(PROJECT_DIR)/ESTabBarControllerExample/Framework",
				);
				INFOPLIST_FILE = ESTabBarControllerExampleUITests/Info.plist;
				LD_RUNPATH_SEARCH_PATHS = "$(inherited) @executable_path/Frameworks @loader_path/Frameworks";
				PRODUCT_BUNDLE_IDENTIFIER = com.eggswift.ESTabBarControllerExampleUITests;
				PRODUCT_NAME = "$(TARGET_NAME)";
				SWIFT_VERSION = 3.0;
				TEST_TARGET_NAME = ESTabBarControllerExample;
			};
			name = Release;
		};
/* End XCBuildConfiguration section */

/* Begin XCConfigurationList section */
		F6F134941CE5B9170034D15D /* Build configuration list for PBXProject "ESTabBarControllerExample" */ = {
			isa = XCConfigurationList;
			buildConfigurations = (
				F6F134BF1CE5B9170034D15D /* Debug */,
				F6F134C01CE5B9170034D15D /* Release */,
			);
			defaultConfigurationIsVisible = 0;
			defaultConfigurationName = Release;
		};
		F6F134C11CE5B9170034D15D /* Build configuration list for PBXNativeTarget "ESTabBarControllerExample" */ = {
			isa = XCConfigurationList;
			buildConfigurations = (
				F6F134C21CE5B9170034D15D /* Debug */,
				F6F134C31CE5B9170034D15D /* Release */,
			);
			defaultConfigurationIsVisible = 0;
			defaultConfigurationName = Release;
		};
		F6F134C41CE5B9170034D15D /* Build configuration list for PBXNativeTarget "ESTabBarControllerExampleTests" */ = {
			isa = XCConfigurationList;
			buildConfigurations = (
				F6F134C51CE5B9170034D15D /* Debug */,
				F6F134C61CE5B9170034D15D /* Release */,
			);
			defaultConfigurationIsVisible = 0;
			defaultConfigurationName = Release;
		};
		F6F134C71CE5B9170034D15D /* Build configuration list for PBXNativeTarget "ESTabBarControllerExampleUITests" */ = {
			isa = XCConfigurationList;
			buildConfigurations = (
				F6F134C81CE5B9170034D15D /* Debug */,
				F6F134C91CE5B9170034D15D /* Release */,
			);
			defaultConfigurationIsVisible = 0;
			defaultConfigurationName = Release;
		};
/* End XCConfigurationList section */
	};
	rootObject = F6F134911CE5B9170034D15D /* Project object */;
}
