// !$*UTF8*$!
{
	archiveVersion = 1;
	classes = {
	};
	objectVersion = 52;
	objects = {

/* Begin PBXBuildFile section */
		91EE91BC2A0A55200070C8FC /* Lottie in Frameworks */ = {isa = PBXBuildFile; productRef = 91EE91BB2A0A55200070C8FC /* Lottie */; };
		91EE91BF2A0A59AA0070C8FC /* pop in Frameworks */ = {isa = PBXBuildFile; productRef = 91EE91BE2A0A59AA0070C8FC /* pop */; };
		91EE91C22A0A5A090070C8FC /* ESTabBarController in Frameworks */ = {isa = PBXBuildFile; productRef = 91EE91C12A0A5A090070C8FC /* ESTabBarController */; };
		F6858F411E4F435C002DAF6C /* IconTransitions.json in Resources */ = {isa = PBXBuildFile; fileRef = F6858F3F1E4F435C002DAF6C /* IconTransitions.json */; };
		F6858F441E4F436F002DAF6C /* ExampleLottieAnimateContentView.swift in Sources */ = {isa = PBXBuildFile; fileRef = F6858F431E4F436F002DAF6C /* ExampleLottieAnimateContentView.swift */; };
		F6858F491E4F45A9002DAF6C /* LottieLogo1.json in Resources */ = {isa = PBXBuildFile; fileRef = F6858F481E4F45A9002DAF6C /* LottieLogo1.json */; };
		F6858F521E4F516F002DAF6C /* ExampleAnimateTipsContentView.swift in Sources */ = {isa = PBXBuildFile; fileRef = F6858F4B1E4F516F002DAF6C /* ExampleAnimateTipsContentView.swift */; };
		F6858F531E4F516F002DAF6C /* ExampleBackgroundContentView.swift in Sources */ = {isa = PBXBuildFile; fileRef = F6858F4C1E4F516F002DAF6C /* ExampleBackgroundContentView.swift */; };
		F6858F541E4F516F002DAF6C /* ExampleBasicContentView.swift in Sources */ = {isa = PBXBuildFile; fileRef = F6858F4D1E4F516F002DAF6C /* ExampleBasicContentView.swift */; };
		F6858F551E4F516F002DAF6C /* ExampleBouncesContentView.swift in Sources */ = {isa = PBXBuildFile; fileRef = F6858F4E1E4F516F002DAF6C /* ExampleBouncesContentView.swift */; };
		F6858F561E4F516F002DAF6C /* ExampleHighlightableContentView.swift in Sources */ = {isa = PBXBuildFile; fileRef = F6858F4F1E4F516F002DAF6C /* ExampleHighlightableContentView.swift */; };
		F6858F571E4F516F002DAF6C /* ExampleIrregularityContentView.swift in Sources */ = {isa = PBXBuildFile; fileRef = F6858F501E4F516F002DAF6C /* ExampleIrregularityContentView.swift */; };
		F6858F581E4F516F002DAF6C /* ExampleTipsContentView.swift in Sources */ = {isa = PBXBuildFile; fileRef = F6858F511E4F516F002DAF6C /* ExampleTipsContentView.swift */; };
		F6EE45581E4AC173001E0FA1 /* AppDelegate.swift in Sources */ = {isa = PBXBuildFile; fileRef = F6EE45571E4AC173001E0FA1 /* AppDelegate.swift */; };
		F6EE455A1E4AC173001E0FA1 /* ViewController.swift in Sources */ = {isa = PBXBuildFile; fileRef = F6EE45591E4AC173001E0FA1 /* ViewController.swift */; };
		F6EE455D1E4AC173001E0FA1 /* Main.storyboard in Resources */ = {isa = PBXBuildFile; fileRef = F6EE455B1E4AC173001E0FA1 /* Main.storyboard */; };
		F6EE455F1E4AC173001E0FA1 /* Assets.xcassets in Resources */ = {isa = PBXBuildFile; fileRef = F6EE455E1E4AC173001E0FA1 /* Assets.xcassets */; };
		F6EE45621E4AC173001E0FA1 /* LaunchScreen.storyboard in Resources */ = {isa = PBXBuildFile; fileRef = F6EE45601E4AC173001E0FA1 /* LaunchScreen.storyboard */; };
		F6EE45A21E4C4BC5001E0FA1 /* ExampleProvider.swift in Sources */ = {isa = PBXBuildFile; fileRef = F6EE45A11E4C4BC4001E0FA1 /* ExampleProvider.swift */; };
		F6EE45A51E4C4D72001E0FA1 /* ExampleViewController.swift in Sources */ = {isa = PBXBuildFile; fileRef = F6EE45A31E4C4D72001E0FA1 /* ExampleViewController.swift */; };
		F6EE45A61E4C4D72001E0FA1 /* ExampleNavigationController.swift in Sources */ = {isa = PBXBuildFile; fileRef = F6EE45A41E4C4D72001E0FA1 /* ExampleNavigationController.swift */; };
		F6EE45AA1E4C4DA3001E0FA1 /* WebView.storyboard in Resources */ = {isa = PBXBuildFile; fileRef = F6EE45A81E4C4DA3001E0FA1 /* WebView.storyboard */; };
		F6EE45AB1E4C4DA3001E0FA1 /* WebViewController.swift in Sources */ = {isa = PBXBuildFile; fileRef = F6EE45A91E4C4DA3001E0FA1 /* WebViewController.swift */; };
/* End PBXBuildFile section */

/* Begin PBXFileReference section */
		3C69F8181EF81895009D5F4A /* en */ = {isa = PBXFileReference; lastKnownFileType = text.plist.strings; name = en; path = en.lproj/Localizable.strings; sourceTree = "<group>"; };
		F6858F3F1E4F435C002DAF6C /* IconTransitions.json */ = {isa = PBXFileReference; fileEncoding = 4; lastKnownFileType = text.json; path = IconTransitions.json; sourceTree = "<group>"; };
		F6858F401E4F435C002DAF6C /* Lottie.framework */ = {isa = PBXFileReference; lastKnownFileType = wrapper.framework; path = Lottie.framework; sourceTree = "<group>"; };
		F6858F431E4F436F002DAF6C /* ExampleLottieAnimateContentView.swift */ = {isa = PBXFileReference; fileEncoding = 4; lastKnownFileType = sourcecode.swift; path = ExampleLottieAnimateContentView.swift; sourceTree = "<group>"; };
		F6858F481E4F45A9002DAF6C /* LottieLogo1.json */ = {isa = PBXFileReference; fileEncoding = 4; lastKnownFileType = text.json; path = LottieLogo1.json; sourceTree = "<group>"; };
		F6858F4B1E4F516F002DAF6C /* ExampleAnimateTipsContentView.swift */ = {isa = PBXFileReference; fileEncoding = 4; lastKnownFileType = sourcecode.swift; path = ExampleAnimateTipsContentView.swift; sourceTree = "<group>"; };
		F6858F4C1E4F516F002DAF6C /* ExampleBackgroundContentView.swift */ = {isa = PBXFileReference; fileEncoding = 4; lastKnownFileType = sourcecode.swift; path = ExampleBackgroundContentView.swift; sourceTree = "<group>"; };
		F6858F4D1E4F516F002DAF6C /* ExampleBasicContentView.swift */ = {isa = PBXFileReference; fileEncoding = 4; lastKnownFileType = sourcecode.swift; path = ExampleBasicContentView.swift; sourceTree = "<group>"; };
		F6858F4E1E4F516F002DAF6C /* ExampleBouncesContentView.swift */ = {isa = PBXFileReference; fileEncoding = 4; lastKnownFileType = sourcecode.swift; path = ExampleBouncesContentView.swift; sourceTree = "<group>"; };
		F6858F4F1E4F516F002DAF6C /* ExampleHighlightableContentView.swift */ = {isa = PBXFileReference; fileEncoding = 4; lastKnownFileType = sourcecode.swift; path = ExampleHighlightableContentView.swift; sourceTree = "<group>"; };
		F6858F501E4F516F002DAF6C /* ExampleIrregularityContentView.swift */ = {isa = PBXFileReference; fileEncoding = 4; lastKnownFileType = sourcecode.swift; path = ExampleIrregularityContentView.swift; sourceTree = "<group>"; };
		F6858F511E4F516F002DAF6C /* ExampleTipsContentView.swift */ = {isa = PBXFileReference; fileEncoding = 4; lastKnownFileType = sourcecode.swift; path = ExampleTipsContentView.swift; sourceTree = "<group>"; };
		F6EE45541E4AC173001E0FA1 /* Example.app */ = {isa = PBXFileReference; explicitFileType = wrapper.application; includeInIndex = 0; path = Example.app; sourceTree = BUILT_PRODUCTS_DIR; };
		F6EE45571E4AC173001E0FA1 /* AppDelegate.swift */ = {isa = PBXFileReference; lastKnownFileType = sourcecode.swift; path = AppDelegate.swift; sourceTree = "<group>"; };
		F6EE45591E4AC173001E0FA1 /* ViewController.swift */ = {isa = PBXFileReference; lastKnownFileType = sourcecode.swift; path = ViewController.swift; sourceTree = "<group>"; };
		F6EE455C1E4AC173001E0FA1 /* Base */ = {isa = PBXFileReference; lastKnownFileType = file.storyboard; name = Base; path = Base.lproj/Main.storyboard; sourceTree = "<group>"; };
		F6EE455E1E4AC173001E0FA1 /* Assets.xcassets */ = {isa = PBXFileReference; lastKnownFileType = folder.assetcatalog; path = Assets.xcassets; sourceTree = "<group>"; };
		F6EE45611E4AC173001E0FA1 /* Base */ = {isa = PBXFileReference; lastKnownFileType = file.storyboard; name = Base; path = Base.lproj/LaunchScreen.storyboard; sourceTree = "<group>"; };
		F6EE45631E4AC173001E0FA1 /* Info.plist */ = {isa = PBXFileReference; lastKnownFileType = text.plist.xml; path = Info.plist; sourceTree = "<group>"; };
		F6EE458A1E4AC263001E0FA1 /* ESTabBarController.swift */ = {isa = PBXFileReference; fileEncoding = 4; lastKnownFileType = sourcecode.swift; path = ESTabBarController.swift; sourceTree = "<group>"; };
		F6EE458D1E4AC3FC001E0FA1 /* ESTabBar.swift */ = {isa = PBXFileReference; fileEncoding = 4; lastKnownFileType = sourcecode.swift; path = ESTabBar.swift; sourceTree = "<group>"; };
		F6EE45901E4AC6B0001E0FA1 /* ESTabBarItem.swift */ = {isa = PBXFileReference; fileEncoding = 4; lastKnownFileType = sourcecode.swift; path = ESTabBarItem.swift; sourceTree = "<group>"; };
		F6EE45931E4ACB60001E0FA1 /* ESTabBarItemContentView.swift */ = {isa = PBXFileReference; fileEncoding = 4; lastKnownFileType = sourcecode.swift; path = ESTabBarItemContentView.swift; sourceTree = "<group>"; };
		F6EE45961E4AEB84001E0FA1 /* ESTabBarItemContainer.swift */ = {isa = PBXFileReference; fileEncoding = 4; lastKnownFileType = sourcecode.swift; path = ESTabBarItemContainer.swift; sourceTree = "<group>"; };
		F6EE459B1E4C0940001E0FA1 /* ESTabBarItemMoreContentView.swift */ = {isa = PBXFileReference; fileEncoding = 4; lastKnownFileType = sourcecode.swift; path = ESTabBarItemMoreContentView.swift; sourceTree = "<group>"; };
		F6EE459E1E4C360A001E0FA1 /* ESTabBarItemBadgeView.swift */ = {isa = PBXFileReference; fileEncoding = 4; lastKnownFileType = sourcecode.swift; path = ESTabBarItemBadgeView.swift; sourceTree = "<group>"; };
		F6EE45A11E4C4BC4001E0FA1 /* ExampleProvider.swift */ = {isa = PBXFileReference; fileEncoding = 4; lastKnownFileType = sourcecode.swift; path = ExampleProvider.swift; sourceTree = "<group>"; };
		F6EE45A31E4C4D72001E0FA1 /* ExampleViewController.swift */ = {isa = PBXFileReference; fileEncoding = 4; lastKnownFileType = sourcecode.swift; path = ExampleViewController.swift; sourceTree = "<group>"; };
		F6EE45A41E4C4D72001E0FA1 /* ExampleNavigationController.swift */ = {isa = PBXFileReference; fileEncoding = 4; lastKnownFileType = sourcecode.swift; path = ExampleNavigationController.swift; sourceTree = "<group>"; };
		F6EE45A81E4C4DA3001E0FA1 /* WebView.storyboard */ = {isa = PBXFileReference; fileEncoding = 4; lastKnownFileType = file.storyboard; path = WebView.storyboard; sourceTree = "<group>"; };
		F6EE45A91E4C4DA3001E0FA1 /* WebViewController.swift */ = {isa = PBXFileReference; fileEncoding = 4; lastKnownFileType = sourcecode.swift; path = WebViewController.swift; sourceTree = "<group>"; };
/* End PBXFileReference section */

/* Begin PBXFrameworksBuildPhase section */
		F6EE45511E4AC173001E0FA1 /* Frameworks */ = {
			isa = PBXFrameworksBuildPhase;
			buildActionMask = 2147483647;
			files = (
				91EE91BF2A0A59AA0070C8FC /* pop in Frameworks */,
				91EE91C22A0A5A090070C8FC /* ESTabBarController in Frameworks */,
				91EE91BC2A0A55200070C8FC /* Lottie in Frameworks */,
			);
			runOnlyForDeploymentPostprocessing = 0;
		};
/* End PBXFrameworksBuildPhase section */

/* Begin PBXGroup section */
		7594959025875BF100C80CF6 /* Basic */ = {
			isa = PBXGroup;
			children = (
				F6858F4D1E4F516F002DAF6C /* ExampleBasicContentView.swift */,
			);
			path = Basic;
			sourceTree = "<group>";
		};
		7594959125875C0200C80CF6 /* Background */ = {
			isa = PBXGroup;
			children = (
				F6858F4C1E4F516F002DAF6C /* ExampleBackgroundContentView.swift */,
			);
			path = Background;
			sourceTree = "<group>";
		};
		7594959325885FC400C80CF6 /* Bounces */ = {
			isa = PBXGroup;
			children = (
				F6858F4E1E4F516F002DAF6C /* ExampleBouncesContentView.swift */,
			);
			path = Bounces;
			sourceTree = "<group>";
		};
		7594959425885FCA00C80CF6 /* Tips */ = {
			isa = PBXGroup;
			children = (
				F6858F511E4F516F002DAF6C /* ExampleTipsContentView.swift */,
				F6858F4B1E4F516F002DAF6C /* ExampleAnimateTipsContentView.swift */,
			);
			path = Tips;
			sourceTree = "<group>";
		};
		7594959525885FD400C80CF6 /* Highlight */ = {
			isa = PBXGroup;
			children = (
				F6858F4F1E4F516F002DAF6C /* ExampleHighlightableContentView.swift */,
			);
			path = Highlight;
			sourceTree = "<group>";
		};
		7594959725885FEA00C80CF6 /* Irregularity */ = {
			isa = PBXGroup;
			children = (
				F6858F501E4F516F002DAF6C /* ExampleIrregularityContentView.swift */,
			);
			path = Irregularity;
			sourceTree = "<group>";
		};
		F6858F3E1E4F435C002DAF6C /* Lottie */ = {
			isa = PBXGroup;
			children = (
				F6858F3F1E4F435C002DAF6C /* IconTransitions.json */,
				F6858F481E4F45A9002DAF6C /* LottieLogo1.json */,
				F6858F401E4F435C002DAF6C /* Lottie.framework */,
				F6858F431E4F436F002DAF6C /* ExampleLottieAnimateContentView.swift */,
			);
			path = Lottie;
			sourceTree = "<group>";
		};
		F6858F4A1E4F516F002DAF6C /* Content */ = {
			isa = PBXGroup;
			children = (
				7594959025875BF100C80CF6 /* Basic */,
				7594959125875C0200C80CF6 /* Background */,
				7594959525885FD400C80CF6 /* Highlight */,
				7594959325885FC400C80CF6 /* Bounces */,
				7594959725885FEA00C80CF6 /* Irregularity */,
				7594959425885FCA00C80CF6 /* Tips */,
				F6858F3E1E4F435C002DAF6C /* Lottie */,
			);
			path = Content;
			sourceTree = "<group>";
		};
		F6EE454B1E4AC173001E0FA1 = {
			isa = PBXGroup;
			children = (
				F6EE45561E4AC173001E0FA1 /* ESTabBarControllerExample */,
				F6EE45551E4AC173001E0FA1 /* Products */,
			);
			sourceTree = "<group>";
		};
		F6EE45551E4AC173001E0FA1 /* Products */ = {
			isa = PBXGroup;
			children = (
				F6EE45541E4AC173001E0FA1 /* Example.app */,
			);
			name = Products;
			sourceTree = "<group>";
		};
		F6EE45561E4AC173001E0FA1 /* ESTabBarControllerExample */ = {
			isa = PBXGroup;
			children = (
				F6EE45691E4AC18D001E0FA1 /* Sources */,
				F6EE45571E4AC173001E0FA1 /* AppDelegate.swift */,
				F6EE45591E4AC173001E0FA1 /* ViewController.swift */,
				F6EE45A11E4C4BC4001E0FA1 /* ExampleProvider.swift */,
				F6EE45A31E4C4D72001E0FA1 /* ExampleViewController.swift */,
				F6EE45A41E4C4D72001E0FA1 /* ExampleNavigationController.swift */,
				F6858F4A1E4F516F002DAF6C /* Content */,
				F6EE45A71E4C4DA3001E0FA1 /* Me */,
				F6EE455B1E4AC173001E0FA1 /* Main.storyboard */,
				F6EE455E1E4AC173001E0FA1 /* Assets.xcassets */,
				F6EE45601E4AC173001E0FA1 /* LaunchScreen.storyboard */,
				F6EE45631E4AC173001E0FA1 /* Info.plist */,
			);
			path = ESTabBarControllerExample;
			sourceTree = "<group>";
		};
		F6EE45691E4AC18D001E0FA1 /* Sources */ = {
			isa = PBXGroup;
			children = (
				F6EE458A1E4AC263001E0FA1 /* ESTabBarController.swift */,
				F6EE458D1E4AC3FC001E0FA1 /* ESTabBar.swift */,
				F6EE45901E4AC6B0001E0FA1 /* ESTabBarItem.swift */,
				F6EE45961E4AEB84001E0FA1 /* ESTabBarItemContainer.swift */,
				F6EE45931E4ACB60001E0FA1 /* ESTabBarItemContentView.swift */,
				F6EE459B1E4C0940001E0FA1 /* ESTabBarItemMoreContentView.swift */,
				F6EE459E1E4C360A001E0FA1 /* ESTabBarItemBadgeView.swift */,
				3C69F8191EF81895009D5F4A /* Localizable.strings */,
			);
			name = Sources;
			path = ../../Sources;
			sourceTree = "<group>";
		};
		F6EE45A71E4C4DA3001E0FA1 /* Me */ = {
			isa = PBXGroup;
			children = (
				F6EE45A81E4C4DA3001E0FA1 /* WebView.storyboard */,
				F6EE45A91E4C4DA3001E0FA1 /* WebViewController.swift */,
			);
			path = Me;
			sourceTree = "<group>";
		};
/* End PBXGroup section */

/* Begin PBXNativeTarget section */
		F6EE45531E4AC173001E0FA1 /* ESTabBarControllerExample */ = {
			isa = PBXNativeTarget;
			buildConfigurationList = F6EE45661E4AC173001E0FA1 /* Build configuration list for PBXNativeTarget "ESTabBarControllerExample" */;
			buildPhases = (
				F6EE45501E4AC173001E0FA1 /* Sources */,
				F6EE45511E4AC173001E0FA1 /* Frameworks */,
				F6EE45521E4AC173001E0FA1 /* Resources */,
			);
			buildRules = (
			);
			dependencies = (
			);
			name = ESTabBarControllerExample;
			packageProductDependencies = (
				91EE91BB2A0A55200070C8FC /* Lottie */,
				91EE91BE2A0A59AA0070C8FC /* pop */,
				91EE91C12A0A5A090070C8FC /* ESTabBarController */,
			);
			productName = ESTabBarControllerExample;
			productReference = F6EE45541E4AC173001E0FA1 /* Example.app */;
			productType = "com.apple.product-type.application";
		};
/* End PBXNativeTarget section */

/* Begin PBXProject section */
		F6EE454C1E4AC173001E0FA1 /* Project object */ = {
			isa = PBXProject;
			attributes = {
				LastSwiftUpdateCheck = 0820;
				LastUpgradeCheck = 1000;
				ORGANIZATIONNAME = "Vincent Li";
				TargetAttributes = {
					F6EE45531E4AC173001E0FA1 = {
						CreatedOnToolsVersion = 8.2.1;
						LastSwiftMigration = 1000;
						ProvisioningStyle = Automatic;
					};
				};
			};
			buildConfigurationList = F6EE454F1E4AC173001E0FA1 /* Build configuration list for PBXProject "ESTabBarControllerExample" */;
			compatibilityVersion = "Xcode 3.2";
			developmentRegion = English;
			hasScannedForEncodings = 0;
			knownRegions = (
				English,
				en,
				Base,
			);
			mainGroup = F6EE454B1E4AC173001E0FA1;
			packageReferences = (
				91EE91BA2A0A55200070C8FC /* XCRemoteSwiftPackageReference "lottie-ios" */,
				91EE91BD2A0A59AA0070C8FC /* XCRemoteSwiftPackageReference "pop" */,
				91EE91C02A0A5A090070C8FC /* XCRemoteSwiftPackageReference "ESTabBarController" */,
			);
			productRefGroup = F6EE45551E4AC173001E0FA1 /* Products */;
			projectDirPath = "";
			projectRoot = "";
			targets = (
				F6EE45531E4AC173001E0FA1 /* ESTabBarControllerExample */,
			);
		};
/* End PBXProject section */

/* Begin PBXResourcesBuildPhase section */
		F6EE45521E4AC173001E0FA1 /* Resources */ = {
			isa = PBXResourcesBuildPhase;
			buildActionMask = 2147483647;
			files = (
				F6EE45621E4AC173001E0FA1 /* LaunchScreen.storyboard in Resources */,
				F6858F491E4F45A9002DAF6C /* LottieLogo1.json in Resources */,
				F6858F411E4F435C002DAF6C /* IconTransitions.json in Resources */,
				F6EE455F1E4AC173001E0FA1 /* Assets.xcassets in Resources */,
				F6EE45AA1E4C4DA3001E0FA1 /* WebView.storyboard in Resources */,
				F6EE455D1E4AC173001E0FA1 /* Main.storyboard in Resources */,
			);
			runOnlyForDeploymentPostprocessing = 0;
		};
/* End PBXResourcesBuildPhase section */

/* Begin PBXSourcesBuildPhase section */
		F6EE45501E4AC173001E0FA1 /* Sources */ = {
			isa = PBXSourcesBuildPhase;
			buildActionMask = 2147483647;
			files = (
				F6EE45A51E4C4D72001E0FA1 /* ExampleViewController.swift in Sources */,
				F6858F551E4F516F002DAF6C /* ExampleBouncesContentView.swift in Sources */,
				F6EE455A1E4AC173001E0FA1 /* ViewController.swift in Sources */,
				F6858F571E4F516F002DAF6C /* ExampleIrregularityContentView.swift in Sources */,
				F6858F561E4F516F002DAF6C /* ExampleHighlightableContentView.swift in Sources */,
				F6EE45A61E4C4D72001E0FA1 /* ExampleNavigationController.swift in Sources */,
				F6858F441E4F436F002DAF6C /* ExampleLottieAnimateContentView.swift in Sources */,
				F6EE45A21E4C4BC5001E0FA1 /* ExampleProvider.swift in Sources */,
				F6858F521E4F516F002DAF6C /* ExampleAnimateTipsContentView.swift in Sources */,
				F6858F531E4F516F002DAF6C /* ExampleBackgroundContentView.swift in Sources */,
				F6858F541E4F516F002DAF6C /* ExampleBasicContentView.swift in Sources */,
				F6EE45AB1E4C4DA3001E0FA1 /* WebViewController.swift in Sources */,
				F6858F581E4F516F002DAF6C /* ExampleTipsContentView.swift in Sources */,
				F6EE45581E4AC173001E0FA1 /* AppDelegate.swift in Sources */,
			);
			runOnlyForDeploymentPostprocessing = 0;
		};
/* End PBXSourcesBuildPhase section */

/* Begin PBXVariantGroup section */
		3C69F8191EF81895009D5F4A /* Localizable.strings */ = {
			isa = PBXVariantGroup;
			children = (
				3C69F8181EF81895009D5F4A /* en */,
			);
			name = Localizable.strings;
			sourceTree = "<group>";
		};
		F6EE455B1E4AC173001E0FA1 /* Main.storyboard */ = {
			isa = PBXVariantGroup;
			children = (
				F6EE455C1E4AC173001E0FA1 /* Base */,
			);
			name = Main.storyboard;
			sourceTree = "<group>";
		};
		F6EE45601E4AC173001E0FA1 /* LaunchScreen.storyboard */ = {
			isa = PBXVariantGroup;
			children = (
				F6EE45611E4AC173001E0FA1 /* Base */,
			);
			name = LaunchScreen.storyboard;
			sourceTree = "<group>";
		};
/* End PBXVariantGroup section */

/* Begin XCBuildConfiguration section */
		F6EE45641E4AC173001E0FA1 /* Debug */ = {
			isa = XCBuildConfiguration;
			buildSettings = {
				ALWAYS_SEARCH_USER_PATHS = NO;
				CLANG_ANALYZER_LOCALIZABILITY_NONLOCALIZED = YES;
				CLANG_ANALYZER_NONNULL = YES;
				CLANG_CXX_LANGUAGE_STANDARD = "gnu++0x";
				CLANG_CXX_LIBRARY = "libc++";
				CLANG_ENABLE_MODULES = YES;
				CLANG_ENABLE_OBJC_ARC = YES;
				CLANG_WARN_BLOCK_CAPTURE_AUTORELEASING = YES;
				CLANG_WARN_BOOL_CONVERSION = YES;
				CLANG_WARN_COMMA = YES;
				CLANG_WARN_CONSTANT_CONVERSION = YES;
				CLANG_WARN_DEPRECATED_OBJC_IMPLEMENTATIONS = YES;
				CLANG_WARN_DIRECT_OBJC_ISA_USAGE = YES_ERROR;
				CLANG_WARN_DOCUMENTATION_COMMENTS = YES;
				CLANG_WARN_EMPTY_BODY = YES;
				CLANG_WARN_ENUM_CONVERSION = YES;
				CLANG_WARN_INFINITE_RECURSION = YES;
				CLANG_WARN_INT_CONVERSION = YES;
				CLANG_WARN_NON_LITERAL_NULL_CONVERSION = YES;
				CLANG_WARN_OBJC_IMPLICIT_RETAIN_SELF = YES;
				CLANG_WARN_OBJC_LITERAL_CONVERSION = YES;
				CLANG_WARN_OBJC_ROOT_CLASS = YES_ERROR;
				CLANG_WARN_RANGE_LOOP_ANALYSIS = YES;
				CLANG_WARN_STRICT_PROTOTYPES = YES;
				CLANG_WARN_SUSPICIOUS_MOVE = YES;
				CLANG_WARN_UNREACHABLE_CODE = YES;
				CLANG_WARN__DUPLICATE_METHOD_MATCH = YES;
				"CODE_SIGN_IDENTITY[sdk=iphoneos*]" = "iPhone Developer";
				COPY_PHASE_STRIP = NO;
				DEBUG_INFORMATION_FORMAT = dwarf;
				ENABLE_STRICT_OBJC_MSGSEND = YES;
				ENABLE_TESTABILITY = YES;
				GCC_C_LANGUAGE_STANDARD = gnu99;
				GCC_DYNAMIC_NO_PIC = NO;
				GCC_NO_COMMON_BLOCKS = YES;
				GCC_OPTIMIZATION_LEVEL = 0;
				GCC_PREPROCESSOR_DEFINITIONS = (
					"DEBUG=1",
					"$(inherited)",
				);
				GCC_WARN_64_TO_32_BIT_CONVERSION = YES;
				GCC_WARN_ABOUT_RETURN_TYPE = YES_ERROR;
				GCC_WARN_UNDECLARED_SELECTOR = YES;
				GCC_WARN_UNINITIALIZED_AUTOS = YES_AGGRESSIVE;
				GCC_WARN_UNUSED_FUNCTION = YES;
				GCC_WARN_UNUSED_VARIABLE = YES;
				IPHONEOS_DEPLOYMENT_TARGET = 9.0;
				MTL_ENABLE_DEBUG_INFO = YES;
				ONLY_ACTIVE_ARCH = YES;
				SDKROOT = iphoneos;
				SWIFT_ACTIVE_COMPILATION_CONDITIONS = DEBUG;
				SWIFT_OPTIMIZATION_LEVEL = "-Onone";
				SWIFT_SWIFT3_OBJC_INFERENCE = Off;
				SWIFT_VERSION = 3.0;
				TARGETED_DEVICE_FAMILY = "1,2";
			};
			name = Debug;
		};
		F6EE45651E4AC173001E0FA1 /* Release */ = {
			isa = XCBuildConfiguration;
			buildSettings = {
				ALWAYS_SEARCH_USER_PATHS = NO;
				CLANG_ANALYZER_LOCALIZABILITY_NONLOCALIZED = YES;
				CLANG_ANALYZER_NONNULL = YES;
				CLANG_CXX_LANGUAGE_STANDARD = "gnu++0x";
				CLANG_CXX_LIBRARY = "libc++";
				CLANG_ENABLE_MODULES = YES;
				CLANG_ENABLE_OBJC_ARC = YES;
				CLANG_WARN_BLOCK_CAPTURE_AUTORELEASING = YES;
				CLANG_WARN_BOOL_CONVERSION = YES;
				CLANG_WARN_COMMA = YES;
				CLANG_WARN_CONSTANT_CONVERSION = YES;
				CLANG_WARN_DEPRECATED_OBJC_IMPLEMENTATIONS = YES;
				CLANG_WARN_DIRECT_OBJC_ISA_USAGE = YES_ERROR;
				CLANG_WARN_DOCUMENTATION_COMMENTS = YES;
				CLANG_WARN_EMPTY_BODY = YES;
				CLANG_WARN_ENUM_CONVERSION = YES;
				CLANG_WARN_INFINITE_RECURSION = YES;
				CLANG_WARN_INT_CONVERSION = YES;
				CLANG_WARN_NON_LITERAL_NULL_CONVERSION = YES;
				CLANG_WARN_OBJC_IMPLICIT_RETAIN_SELF = YES;
				CLANG_WARN_OBJC_LITERAL_CONVERSION = YES;
				CLANG_WARN_OBJC_ROOT_CLASS = YES_ERROR;
				CLANG_WARN_RANGE_LOOP_ANALYSIS = YES;
				CLANG_WARN_STRICT_PROTOTYPES = YES;
				CLANG_WARN_SUSPICIOUS_MOVE = YES;
				CLANG_WARN_UNREACHABLE_CODE = YES;
				CLANG_WARN__DUPLICATE_METHOD_MATCH = YES;
				"CODE_SIGN_IDENTITY[sdk=iphoneos*]" = "iPhone Developer";
				COPY_PHASE_STRIP = NO;
				DEBUG_INFORMATION_FORMAT = "dwarf-with-dsym";
				ENABLE_NS_ASSERTIONS = NO;
				ENABLE_STRICT_OBJC_MSGSEND = YES;
				GCC_C_LANGUAGE_STANDARD = gnu99;
				GCC_NO_COMMON_BLOCKS = YES;
				GCC_WARN_64_TO_32_BIT_CONVERSION = YES;
				GCC_WARN_ABOUT_RETURN_TYPE = YES_ERROR;
				GCC_WARN_UNDECLARED_SELECTOR = YES;
				GCC_WARN_UNINITIALIZED_AUTOS = YES_AGGRESSIVE;
				GCC_WARN_UNUSED_FUNCTION = YES;
				GCC_WARN_UNUSED_VARIABLE = YES;
				IPHONEOS_DEPLOYMENT_TARGET = 9.0;
				MTL_ENABLE_DEBUG_INFO = NO;
				SDKROOT = iphoneos;
				SWIFT_COMPILATION_MODE = wholemodule;
				SWIFT_OPTIMIZATION_LEVEL = "-O";
				SWIFT_SWIFT3_OBJC_INFERENCE = Off;
				SWIFT_VERSION = 3.0;
				TARGETED_DEVICE_FAMILY = "1,2";
				VALIDATE_PRODUCT = YES;
			};
			name = Release;
		};
		F6EE45671E4AC173001E0FA1 /* Debug */ = {
			isa = XCBuildConfiguration;
			buildSettings = {
				ASSETCATALOG_COMPILER_APPICON_NAME = AppIcon;
				CURRENT_PROJECT_VERSION = 2.9.0;
				DEVELOPMENT_TEAM = BNZ74W4Z78;
				FRAMEWORK_SEARCH_PATHS = "$(inherited)";
				INFOPLIST_FILE = ESTabBarControllerExample/Info.plist;
				IPHONEOS_DEPLOYMENT_TARGET = 11.0;
				LD_RUNPATH_SEARCH_PATHS = (
					"$(inherited)",
					"@executable_path/Frameworks",
				);
				MARKETING_VERSION = 2.9.0;
				PRODUCT_BUNDLE_IDENTIFIER = com.eggswift.ESTabBarControllerExample1;
				PRODUCT_NAME = Example;
				SWIFT_VERSION = 5.0;
				VALIDATE_WORKSPACE = YES;
			};
			name = Debug;
		};
		F6EE45681E4AC173001E0FA1 /* Release */ = {
			isa = XCBuildConfiguration;
			buildSettings = {
				ASSETCATALOG_COMPILER_APPICON_NAME = AppIcon;
				CURRENT_PROJECT_VERSION = 2.9.0;
				DEVELOPMENT_TEAM = BNZ74W4Z78;
				FRAMEWORK_SEARCH_PATHS = "$(inherited)";
				INFOPLIST_FILE = ESTabBarControllerExample/Info.plist;
				IPHONEOS_DEPLOYMENT_TARGET = 11.0;
				LD_RUNPATH_SEARCH_PATHS = (
					"$(inherited)",
					"@executable_path/Frameworks",
				);
				MARKETING_VERSION = 2.9.0;
				PRODUCT_BUNDLE_IDENTIFIER = com.eggswift.ESTabBarControllerExample1;
				PRODUCT_NAME = Example;
				SWIFT_VERSION = 5.0;
				VALIDATE_WORKSPACE = YES;
			};
			name = Release;
		};
/* End XCBuildConfiguration section */

/* Begin XCConfigurationList section */
		F6EE454F1E4AC173001E0FA1 /* Build configuration list for PBXProject "ESTabBarControllerExample" */ = {
			isa = XCConfigurationList;
			buildConfigurations = (
				F6EE45641E4AC173001E0FA1 /* Debug */,
				F6EE45651E4AC173001E0FA1 /* Release */,
			);
			defaultConfigurationIsVisible = 0;
			defaultConfigurationName = Release;
		};
		F6EE45661E4AC173001E0FA1 /* Build configuration list for PBXNativeTarget "ESTabBarControllerExample" */ = {
			isa = XCConfigurationList;
			buildConfigurations = (
				F6EE45671E4AC173001E0FA1 /* Debug */,
				F6EE45681E4AC173001E0FA1 /* Release */,
			);
			defaultConfigurationIsVisible = 0;
			defaultConfigurationName = Release;
		};
/* End XCConfigurationList section */

/* Begin XCRemoteSwiftPackageReference section */
		91EE91BA2A0A55200070C8FC /* XCRemoteSwiftPackageReference "lottie-ios" */ = {
			isa = XCRemoteSwiftPackageReference;
			repositoryURL = "https://github.com/airbnb/lottie-ios.git";
			requirement = {
				kind = upToNextMajorVersion;
				minimumVersion = 4.0.0;
			};
		};
		91EE91BD2A0A59AA0070C8FC /* XCRemoteSwiftPackageReference "pop" */ = {
			isa = XCRemoteSwiftPackageReference;
			repositoryURL = "https://github.com/navartis/pop.git";
			requirement = {
				branch = "1.0.11-vs-spm";
				kind = branch;
			};
		};
		91EE91C02A0A5A090070C8FC /* XCRemoteSwiftPackageReference "ESTabBarController" */ = {
			isa = XCRemoteSwiftPackageReference;
			repositoryURL = "https://github.com/eggswift/ESTabBarController.git";
			requirement = {
				kind = upToNextMajorVersion;
				minimumVersion = 2.0.0;
			};
		};
/* End XCRemoteSwiftPackageReference section */

/* Begin XCSwiftPackageProductDependency section */
		91EE91BB2A0A55200070C8FC /* Lottie */ = {
			isa = XCSwiftPackageProductDependency;
			package = 91EE91BA2A0A55200070C8FC /* XCRemoteSwiftPackageReference "lottie-ios" */;
			productName = Lottie;
		};
		91EE91BE2A0A59AA0070C8FC /* pop */ = {
			isa = XCSwiftPackageProductDependency;
			package = 91EE91BD2A0A59AA0070C8FC /* XCRemoteSwiftPackageReference "pop" */;
			productName = pop;
		};
		91EE91C12A0A5A090070C8FC /* ESTabBarController */ = {
			isa = XCSwiftPackageProductDependency;
			package = 91EE91C02A0A5A090070C8FC /* XCRemoteSwiftPackageReference "ESTabBarController" */;
			productName = ESTabBarController;
		};
/* End XCSwiftPackageProductDependency section */
	};
	rootObject = F6EE454C1E4AC173001E0FA1 /* Project object */;
}
